
Microsoft Visual Studio Solution File, Format Version 12.00
# Visual Studio Version 17
VisualStudioVersion = 17.2.32505.173
MinimumVisualStudioVersion = 10.0.40219.1
Project("{FAE04EC0-301F-11D3-BF4B-00C04F79EFBC}") = "Task1", "Task1\Task1.csproj", "{9D5E4F14-E617-4E7F-97FB-75F579F19998}"
EndProject
Project("{FAE04EC0-301F-11D3-BF4B-00C04F79EFBC}") = "Task2", "Task2\Task2.csproj", "{30263DF7-BA77-4EC3-937D-2465FCAD240F}"
EndProject
Project("{FAE04EC0-301F-11D3-BF4B-00C04F79EFBC}") = "Technical", "Technical\Technical.csproj", "{D45376CB-45ED-44D2-8284-5BD51F690E47}"
EndProject
Project("{FAE04EC0-301F-11D3-BF4B-00C04F79EFBC}") = "Task3", "Task3\Task3.csproj", "{2517CB96-3BD7-4052-9C49-94CB6EE38F3C}"
EndProject
Project("{FAE04EC0-301F-11D3-BF4B-00C04F79EFBC}") = "Task4", "Task4\Task4.csproj", "{623276CD-17F7-4A69-9F1C-96FC7E3DFD10}"
EndProject
Project("{FAE04EC0-301F-11D3-BF4B-00C04F79EFBC}") = "Task5", "Task5\Task5.csproj", "{8185D574-2FD2-447A-8BCE-66855ECB5CD9}"
EndProject
Global
	GlobalSection(SolutionConfigurationPlatforms) = preSolution
		Debug|Any CPU = Debug|Any CPU
		Release|Any CPU = Release|Any CPU
	EndGlobalSection
	GlobalSection(ProjectConfigurationPlatforms) = postSolution
		{9D5E4F14-E617-4E7F-97FB-75F579F19998}.Debug|Any CPU.ActiveCfg = Debug|Any CPU
		{9D5E4F14-E617-4E7F-97FB-75F579F19998}.Debug|Any CPU.Build.0 = Debug|Any CPU
		{9D5E4F14-E617-4E7F-97FB-75F579F19998}.Release|Any CPU.ActiveCfg = Release|Any CPU
		{9D5E4F14-E617-4E7F-97FB-75F579F19998}.Release|Any CPU.Build.0 = Release|Any CPU
		{30263DF7-BA77-4EC3-937D-2465FCAD240F}.Debug|Any CPU.ActiveCfg = Debug|Any CPU
		{30263DF7-BA77-4EC3-937D-2465FCAD240F}.Debug|Any CPU.Build.0 = Debug|Any CPU
		{30263DF7-BA77-4EC3-937D-2465FCAD240F}.Release|Any CPU.ActiveCfg = Release|Any CPU
		{30263DF7-BA77-4EC3-937D-2465FCAD240F}.Release|Any CPU.Build.0 = Release|Any CPU
		{D45376CB-45ED-44D2-8284-5BD51F690E47}.Debug|Any CPU.ActiveCfg = Debug|Any CPU
		{D45376CB-45ED-44D2-8284-5BD51F690E47}.Debug|Any CPU.Build.0 = Debug|Any CPU
		{D45376CB-45ED-44D2-8284-5BD51F690E47}.Release|Any CPU.ActiveCfg = Release|Any CPU
		{D45376CB-45ED-44D2-8284-5BD51F690E47}.Release|Any CPU.Build.0 = Release|Any CPU
		{2517CB96-3BD7-4052-9C49-94CB6EE38F3C}.Debug|Any CPU.ActiveCfg = Debug|Any CPU
		{2517CB96-3BD7-4052-9C49-94CB6EE38F3C}.Debug|Any CPU.Build.0 = Debug|Any CPU
		{2517CB96-3BD7-4052-9C49-94CB6EE38F3C}.Release|Any CPU.ActiveCfg = Release|Any CPU
		{2517CB96-3BD7-4052-9C49-94CB6EE38F3C}.Release|Any CPU.Build.0 = Release|Any CPU
		{623276CD-17F7-4A69-9F1C-96FC7E3DFD10}.Debug|Any CPU.ActiveCfg = Debug|Any CPU
		{623276CD-17F7-4A69-9F1C-96FC7E3DFD10}.Debug|Any CPU.Build.0 = Debug|Any CPU
		{623276CD-17F7-4A69-9F1C-96FC7E3DFD10}.Release|Any CPU.ActiveCfg = Release|Any CPU
		{623276CD-17F7-4A69-9F1C-96FC7E3DFD10}.Release|Any CPU.Build.0 = Release|Any CPU
		{8185D574-2FD2-447A-8BCE-66855ECB5CD9}.Debug|Any CPU.ActiveCfg = Debug|Any CPU
		{8185D574-2FD2-447A-8BCE-66855ECB5CD9}.Debug|Any CPU.Build.0 = Debug|Any CPU
		{8185D574-2FD2-447A-8BCE-66855ECB5CD9}.Release|Any CPU.ActiveCfg = Release|Any CPU
		{8185D574-2FD2-447A-8BCE-66855ECB5CD9}.Release|Any CPU.Build.0 = Release|Any CPU
	EndGlobalSection
	GlobalSection(SolutionProperties) = preSolution
		HideSolutionNode = FALSE
	EndGlobalSection
	GlobalSection(ExtensibilityGlobals) = postSolution
		SolutionGuid = {DFE0FF3C-F44A-4601-8EC7-CDC70B538785}
	EndGlobalSection
EndGlobal
